<?xml version="1.0" encoding="utf-8"?>
<Project ToolsVersion="4.0" xmlns="http://schemas.microsoft.com/developer/msbuild/2003">
  <ItemGroup>
    <Filter Include="Source Files">
      <UniqueIdentifier>{4FC737F1-C7A5-4376-A066-2A32D752A2FF}</UniqueIdentifier>
      <Extensions>cpp;c;cc;cxx;c++;cppm;ixx;def;odl;idl;hpj;bat;asm;asmx</Extensions>
    </Filter>
    <Filter Include="Header Files">
      <UniqueIdentifier>{93995380-89BD-4b04-88EB-625FBE52EBFB}</UniqueIdentifier>
      <Extensions>h;hh;hpp;hxx;h++;hm;inl;inc;ipp;xsd</Extensions>
    </Filter>
    <Filter Include="Resource Files">
      <UniqueIdentifier>{67DA6AB6-F800-4c08-8B7A-83BB121AAD01}</UniqueIdentifier>
      <Extensions>rc;ico;cur;bmp;dlg;rc2;rct;bin;rgs;gif;jpg;jpeg;jpe;resx;tiff;tif;png;wav;mfcribbon-ms</Extensions>
    </Filter>
    <Filter Include="Source Files\zlib">
      <UniqueIdentifier>{b1bf99c1-0c69-4815-85af-7b1fcdfeda9b}</UniqueIdentifier>
    </Filter>
    <Filter Include="Source Files\LibPNG">
      <UniqueIdentifier>{536e72c8-6384-480e-8520-ddff8a08ae11}</UniqueIdentifier>
    </Filter>
    <Filter Include="Source Files\zstd">
      <UniqueIdentifier>{e47f3a23-ea45-4739-98b2-df97b607cc01}</UniqueIdentifier>
    </Filter>
    <Filter Include="Source Files\gui">
      <UniqueIdentifier>{074e1bd8-d0d9-4499-a0cb-8de9e2f1eb38}</UniqueIdentifier>
    </Filter>
  </ItemGroup>
  <ItemGroup>
    <ClCompile Include="yy_main.cpp">
      <Filter>Source Files</Filter>
    </ClCompile>
    <ClCompile Include="yy_log.cpp">
      <Filter>Source Files</Filter>
    </ClCompile>
    <ClCompile Include="yy_dl.cpp">
      <Filter>Source Files</Filter>
    </ClCompile>
    <ClCompile Include="yy_resource.cpp">
      <Filter>Source Files</Filter>
    </ClCompile>
    <ClCompile Include="image_loader_dds.cpp">
      <Filter>Source Files</Filter>
    </ClCompile>
    <ClCompile Include="image_loader_png.cpp">
      <Filter>Source Files</Filter>
    </ClCompile>
    <ClCompile Include="..\libs\ZLib\gzread.c">
      <Filter>Source Files\zlib</Filter>
    </ClCompile>
    <ClCompile Include="..\libs\ZLib\gzwrite.c">
      <Filter>Source Files\zlib</Filter>
    </ClCompile>
    <ClCompile Include="..\libs\ZLib\infback.c">
      <Filter>Source Files\zlib</Filter>
    </ClCompile>
    <ClCompile Include="..\libs\ZLib\inffast.c">
      <Filter>Source Files\zlib</Filter>
    </ClCompile>
    <ClCompile Include="..\libs\ZLib\inflate.c">
      <Filter>Source Files\zlib</Filter>
    </ClCompile>
    <ClCompile Include="..\libs\ZLib\inftrees.c">
      <Filter>Source Files\zlib</Filter>
    </ClCompile>
    <ClCompile Include="..\libs\ZLib\trees.c">
      <Filter>Source Files\zlib</Filter>
    </ClCompile>
    <ClCompile Include="..\libs\ZLib\uncompr.c">
      <Filter>Source Files\zlib</Filter>
    </ClCompile>
    <ClCompile Include="..\libs\ZLib\zutil.c">
      <Filter>Source Files\zlib</Filter>
    </ClCompile>
    <ClCompile Include="..\libs\ZLib\adler32.c">
      <Filter>Source Files\zlib</Filter>
    </ClCompile>
    <ClCompile Include="..\libs\ZLib\compress.c">
      <Filter>Source Files\zlib</Filter>
    </ClCompile>
    <ClCompile Include="..\libs\ZLib\crc32.c">
      <Filter>Source Files\zlib</Filter>
    </ClCompile>
    <ClCompile Include="..\libs\ZLib\deflate.c">
      <Filter>Source Files\zlib</Filter>
    </ClCompile>
    <ClCompile Include="..\libs\ZLib\gzclose.c">
      <Filter>Source Files\zlib</Filter>
    </ClCompile>
    <ClCompile Include="..\libs\ZLib\gzlib.c">
      <Filter>Source Files\zlib</Filter>
    </ClCompile>
    <ClCompile Include="..\libs\LibPNG\pngrutil.c">
      <Filter>Source Files\LibPNG</Filter>
    </ClCompile>
    <ClCompile Include="..\libs\LibPNG\pngset.c">
      <Filter>Source Files\LibPNG</Filter>
    </ClCompile>
    <ClCompile Include="..\libs\LibPNG\pngtrans.c">
      <Filter>Source Files\LibPNG</Filter>
    </ClCompile>
    <ClCompile Include="..\libs\LibPNG\pngwio.c">
      <Filter>Source Files\LibPNG</Filter>
    </ClCompile>
    <ClCompile Include="..\libs\LibPNG\pngwrite.c">
      <Filter>Source Files\LibPNG</Filter>
    </ClCompile>
    <ClCompile Include="..\libs\LibPNG\pngwtran.c">
      <Filter>Source Files\LibPNG</Filter>
    </ClCompile>
    <ClCompile Include="..\libs\LibPNG\pngwutil.c">
      <Filter>Source Files\LibPNG</Filter>
    </ClCompile>
    <ClCompile Include="..\libs\LibPNG\png.c">
      <Filter>Source Files\LibPNG</Filter>
    </ClCompile>
    <ClCompile Include="..\libs\LibPNG\pngerror.c">
      <Filter>Source Files\LibPNG</Filter>
    </ClCompile>
    <ClCompile Include="..\libs\LibPNG\pngget.c">
      <Filter>Source Files\LibPNG</Filter>
    </ClCompile>
    <ClCompile Include="..\libs\LibPNG\pngmem.c">
      <Filter>Source Files\LibPNG</Filter>
    </ClCompile>
    <ClCompile Include="..\libs\LibPNG\pngpread.c">
      <Filter>Source Files\LibPNG</Filter>
    </ClCompile>
    <ClCompile Include="..\libs\LibPNG\pngread.c">
      <Filter>Source Files\LibPNG</Filter>
    </ClCompile>
    <ClCompile Include="..\libs\LibPNG\pngrio.c">
      <Filter>Source Files\LibPNG</Filter>
    </ClCompile>
    <ClCompile Include="..\libs\LibPNG\pngrtran.c">
      <Filter>Source Files\LibPNG</Filter>
    </ClCompile>
    <ClCompile Include="yy_backgroundWorker.cpp">
      <Filter>Source Files</Filter>
    </ClCompile>
    <ClCompile Include="yy_memory.cpp">
      <Filter>Source Files</Filter>
    </ClCompile>
    <ClCompile Include="yy_scene.cpp">
      <Filter>Source Files</Filter>
    </ClCompile>
    <ClCompile Include="..\libs\zstd\lib\common\debug.c">
      <Filter>Source Files\zstd</Filter>
    </ClCompile>
    <ClCompile Include="..\libs\zstd\lib\common\entropy_common.c">
      <Filter>Source Files\zstd</Filter>
    </ClCompile>
    <ClCompile Include="..\libs\zstd\lib\common\error_private.c">
      <Filter>Source Files\zstd</Filter>
    </ClCompile>
    <ClCompile Include="..\libs\zstd\lib\common\fse_decompress.c">
      <Filter>Source Files\zstd</Filter>
    </ClCompile>
    <ClCompile Include="..\libs\zstd\lib\common\pool.c">
      <Filter>Source Files\zstd</Filter>
    </ClCompile>
    <ClCompile Include="..\libs\zstd\lib\common\threading.c">
      <Filter>Source Files\zstd</Filter>
    </ClCompile>
    <ClCompile Include="..\libs\zstd\lib\common\xxhash.c">
      <Filter>Source Files\zstd</Filter>
    </ClCompile>
    <ClCompile Include="..\libs\zstd\lib\common\zstd_common.c">
      <Filter>Source Files\zstd</Filter>
    </ClCompile>
    <ClCompile Include="..\libs\zstd\lib\compress\hist.c">
      <Filter>Source Files\zstd</Filter>
    </ClCompile>
    <ClCompile Include="..\libs\zstd\lib\compress\huf_compress.c">
      <Filter>Source Files\zstd</Filter>
    </ClCompile>
    <ClCompile Include="..\libs\zstd\lib\compress\zstd_compress.c">
      <Filter>Source Files\zstd</Filter>
    </ClCompile>
    <ClCompile Include="..\libs\zstd\lib\compress\zstd_compress_literals.c">
      <Filter>Source Files\zstd</Filter>
    </ClCompile>
    <ClCompile Include="..\libs\zstd\lib\compress\zstd_compress_sequences.c">
      <Filter>Source Files\zstd</Filter>
    </ClCompile>
    <ClCompile Include="..\libs\zstd\lib\compress\zstd_double_fast.c">
      <Filter>Source Files\zstd</Filter>
    </ClCompile>
    <ClCompile Include="..\libs\zstd\lib\compress\zstd_fast.c">
      <Filter>Source Files\zstd</Filter>
    </ClCompile>
    <ClCompile Include="..\libs\zstd\lib\compress\zstd_lazy.c">
      <Filter>Source Files\zstd</Filter>
    </ClCompile>
    <ClCompile Include="..\libs\zstd\lib\compress\zstd_ldm.c">
      <Filter>Source Files\zstd</Filter>
    </ClCompile>
    <ClCompile Include="..\libs\zstd\lib\compress\zstd_opt.c">
      <Filter>Source Files\zstd</Filter>
    </ClCompile>
    <ClCompile Include="..\libs\zstd\lib\compress\zstdmt_compress.c">
      <Filter>Source Files\zstd</Filter>
    </ClCompile>
    <ClCompile Include="..\libs\zstd\lib\compress\fse_compress.c">
      <Filter>Source Files\zstd</Filter>
    </ClCompile>
    <ClCompile Include="..\libs\zstd\lib\decompress\zstd_ddict.c">
      <Filter>Source Files\zstd</Filter>
    </ClCompile>
    <ClCompile Include="..\libs\zstd\lib\decompress\zstd_decompress.c">
      <Filter>Source Files\zstd</Filter>
    </ClCompile>
    <ClCompile Include="..\libs\zstd\lib\decompress\zstd_decompress_block.c">
      <Filter>Source Files\zstd</Filter>
    </ClCompile>
    <ClCompile Include="..\libs\zstd\lib\decompress\huf_decompress.c">
      <Filter>Source Files\zstd</Filter>
    </ClCompile>
    <ClCompile Include="image_loader_tga.cpp">
      <Filter>Source Files</Filter>
    </ClCompile>
    <ClCompile Include="image_loader_bmp.cpp">
      <Filter>Source Files</Filter>
    </ClCompile>
    <ClCompile Include="gui\yy_gui.cpp">
      <Filter>Source Files\gui</Filter>
    </ClCompile>
    <ClCompile Include="gui\yy_gui_pictureBox.cpp">
      <Filter>Source Files\gui</Filter>
    </ClCompile>
    <ClCompile Include="gui\yy_gui_font.cpp">
      <Filter>Source Files\gui</Filter>
    </ClCompile>
    <ClCompile Include="gui\yy_gui_text.cpp">
      <Filter>Source Files\gui</Filter>
    </ClCompile>
    <ClCompile Include="yy_mdl.cpp">
      <Filter>Source Files</Filter>
    </ClCompile>
    <ClCompile Include="gui\yy_gui_button.cpp">
      <Filter>Source Files\gui</Filter>
    </ClCompile>
    <ClCompile Include="yy_fs.cpp">
      <Filter>Source Files</Filter>
    </ClCompile>
    <ClCompile Include="gui\yy_gui_group.cpp">
      <Filter>Source Files\gui</Filter>
    </ClCompile>
    <ClCompile Include="yyResourceImpl.cpp">
      <Filter>Source Files</Filter>
    </ClCompile>
    <ClCompile Include="gui\yy_gui_textInput.cpp">
      <Filter>Source Files\gui</Filter>
    </ClCompile>
  </ItemGroup>
  <ItemGroup>
    <ClInclude Include="yyResourceImpl.h">
      <Filter>Source Files</Filter>
    </ClInclude>
  </ItemGroup>
</Project>