
Microsoft Visual Studio Solution File, Format Version 12.00
# Visual Studio 14
VisualStudioVersion = 14.0.25420.1
MinimumVisualStudioVersion = 10.0.40219.1
Project("{8BC9CEB8-8B4A-11D0-8D11-00A0C91BC942}") = "yuyu", "yuyu.vcxproj", "{11DE0F72-421F-4944-80F3-191B753CA504}"
EndProject
Project("{8BC9CEB8-8B4A-11D0-8D11-00A0C91BC942}") = "game", "..\game\game.vcxproj", "{FB6D7699-F383-48EB-B13A-C7DE1CC86BE2}"
EndProject
Project("{8BC9CEB8-8B4A-11D0-8D11-00A0C91BC942}") = "opengl", "..\video\opengl\opengl.vcxproj", "{31C59DD9-646A-49B5-A7D3-BB91362970BA}"
EndProject
Project("{8BC9CEB8-8B4A-11D0-8D11-00A0C91BC942}") = "worldEditor", "..\worldEditor\worldEditor.vcxproj", "{FB1D7699-F383-48EB-B13A-C7DE1CC86BE2}"
EndProject
Project("{8BC9CEB8-8B4A-11D0-8D11-00A0C91BC942}") = "d3d11", "..\video\d3d11\d3d11.vcxproj", "{31C59DD1-646A-49B5-A7D3-BB91362970BA}"
EndProject
Project("{8BC9CEB8-8B4A-11D0-8D11-00A0C91BC942}") = "modelCreator", "..\modelCreator\modelCreator.vcxproj", "{82509237-C419-4A56-A012-73D98FB5BA1F}"
EndProject
Project("{8BC9CEB8-8B4A-11D0-8D11-00A0C91BC942}") = "MDLCreator", "..\MDLCreator\MDLCreator.vcxproj", "{FCF33C24-824A-49D0-A245-B318808F48BE}"
EndProject
Global
	GlobalSection(SolutionConfigurationPlatforms) = preSolution
		Debug|x64 = Debug|x64
		Debug|x86 = Debug|x86
		Dev|x64 = Dev|x64
		Dev|x86 = Dev|x86
		Production|x64 = Production|x64
		Production|x86 = Production|x86
		Release|x64 = Release|x64
		Release|x86 = Release|x86
	EndGlobalSection
	GlobalSection(ProjectConfigurationPlatforms) = postSolution
		{11DE0F72-421F-4944-80F3-191B753CA504}.Debug|x64.ActiveCfg = Debug|x64
		{11DE0F72-421F-4944-80F3-191B753CA504}.Debug|x64.Build.0 = Debug|x64
		{11DE0F72-421F-4944-80F3-191B753CA504}.Debug|x86.ActiveCfg = Debug|Win32
		{11DE0F72-421F-4944-80F3-191B753CA504}.Debug|x86.Build.0 = Debug|Win32
		{11DE0F72-421F-4944-80F3-191B753CA504}.Dev|x64.ActiveCfg = Release|x64
		{11DE0F72-421F-4944-80F3-191B753CA504}.Dev|x64.Build.0 = Release|x64
		{11DE0F72-421F-4944-80F3-191B753CA504}.Dev|x86.ActiveCfg = Release|Win32
		{11DE0F72-421F-4944-80F3-191B753CA504}.Dev|x86.Build.0 = Release|Win32
		{11DE0F72-421F-4944-80F3-191B753CA504}.Production|x64.ActiveCfg = Production|x64
		{11DE0F72-421F-4944-80F3-191B753CA504}.Production|x64.Build.0 = Production|x64
		{11DE0F72-421F-4944-80F3-191B753CA504}.Production|x86.ActiveCfg = Production|Win32
		{11DE0F72-421F-4944-80F3-191B753CA504}.Production|x86.Build.0 = Production|Win32
		{11DE0F72-421F-4944-80F3-191B753CA504}.Release|x64.ActiveCfg = Release|x64
		{11DE0F72-421F-4944-80F3-191B753CA504}.Release|x64.Build.0 = Release|x64
		{11DE0F72-421F-4944-80F3-191B753CA504}.Release|x86.ActiveCfg = Release|Win32
		{11DE0F72-421F-4944-80F3-191B753CA504}.Release|x86.Build.0 = Release|Win32
		{FB6D7699-F383-48EB-B13A-C7DE1CC86BE2}.Debug|x64.ActiveCfg = Debug|x64
		{FB6D7699-F383-48EB-B13A-C7DE1CC86BE2}.Debug|x64.Build.0 = Debug|x64
		{FB6D7699-F383-48EB-B13A-C7DE1CC86BE2}.Debug|x86.ActiveCfg = Debug|Win32
		{FB6D7699-F383-48EB-B13A-C7DE1CC86BE2}.Debug|x86.Build.0 = Debug|Win32
		{FB6D7699-F383-48EB-B13A-C7DE1CC86BE2}.Dev|x64.ActiveCfg = Release|x64
		{FB6D7699-F383-48EB-B13A-C7DE1CC86BE2}.Dev|x64.Build.0 = Release|x64
		{FB6D7699-F383-48EB-B13A-C7DE1CC86BE2}.Dev|x86.ActiveCfg = Release|Win32
		{FB6D7699-F383-48EB-B13A-C7DE1CC86BE2}.Dev|x86.Build.0 = Release|Win32
		{FB6D7699-F383-48EB-B13A-C7DE1CC86BE2}.Production|x64.ActiveCfg = Production|x64
		{FB6D7699-F383-48EB-B13A-C7DE1CC86BE2}.Production|x64.Build.0 = Production|x64
		{FB6D7699-F383-48EB-B13A-C7DE1CC86BE2}.Production|x86.ActiveCfg = Production|Win32
		{FB6D7699-F383-48EB-B13A-C7DE1CC86BE2}.Production|x86.Build.0 = Production|Win32
		{FB6D7699-F383-48EB-B13A-C7DE1CC86BE2}.Release|x64.ActiveCfg = Release|x64
		{FB6D7699-F383-48EB-B13A-C7DE1CC86BE2}.Release|x64.Build.0 = Release|x64
		{FB6D7699-F383-48EB-B13A-C7DE1CC86BE2}.Release|x86.ActiveCfg = Release|Win32
		{FB6D7699-F383-48EB-B13A-C7DE1CC86BE2}.Release|x86.Build.0 = Release|Win32
		{31C59DD9-646A-49B5-A7D3-BB91362970BA}.Debug|x64.ActiveCfg = Debug|x64
		{31C59DD9-646A-49B5-A7D3-BB91362970BA}.Debug|x64.Build.0 = Debug|x64
		{31C59DD9-646A-49B5-A7D3-BB91362970BA}.Debug|x86.ActiveCfg = Debug|Win32
		{31C59DD9-646A-49B5-A7D3-BB91362970BA}.Debug|x86.Build.0 = Debug|Win32
		{31C59DD9-646A-49B5-A7D3-BB91362970BA}.Dev|x64.ActiveCfg = Release|x64
		{31C59DD9-646A-49B5-A7D3-BB91362970BA}.Dev|x64.Build.0 = Release|x64
		{31C59DD9-646A-49B5-A7D3-BB91362970BA}.Dev|x86.ActiveCfg = Release|Win32
		{31C59DD9-646A-49B5-A7D3-BB91362970BA}.Dev|x86.Build.0 = Release|Win32
		{31C59DD9-646A-49B5-A7D3-BB91362970BA}.Production|x64.ActiveCfg = Production|x64
		{31C59DD9-646A-49B5-A7D3-BB91362970BA}.Production|x64.Build.0 = Production|x64
		{31C59DD9-646A-49B5-A7D3-BB91362970BA}.Production|x86.ActiveCfg = Production|Win32
		{31C59DD9-646A-49B5-A7D3-BB91362970BA}.Production|x86.Build.0 = Production|Win32
		{31C59DD9-646A-49B5-A7D3-BB91362970BA}.Release|x64.ActiveCfg = Release|x64
		{31C59DD9-646A-49B5-A7D3-BB91362970BA}.Release|x64.Build.0 = Release|x64
		{31C59DD9-646A-49B5-A7D3-BB91362970BA}.Release|x86.ActiveCfg = Release|Win32
		{31C59DD9-646A-49B5-A7D3-BB91362970BA}.Release|x86.Build.0 = Release|Win32
		{FB1D7699-F383-48EB-B13A-C7DE1CC86BE2}.Debug|x64.ActiveCfg = Debug|x64
		{FB1D7699-F383-48EB-B13A-C7DE1CC86BE2}.Debug|x64.Build.0 = Debug|x64
		{FB1D7699-F383-48EB-B13A-C7DE1CC86BE2}.Debug|x86.ActiveCfg = Debug|Win32
		{FB1D7699-F383-48EB-B13A-C7DE1CC86BE2}.Debug|x86.Build.0 = Debug|Win32
		{FB1D7699-F383-48EB-B13A-C7DE1CC86BE2}.Dev|x64.ActiveCfg = Release|x64
		{FB1D7699-F383-48EB-B13A-C7DE1CC86BE2}.Dev|x64.Build.0 = Release|x64
		{FB1D7699-F383-48EB-B13A-C7DE1CC86BE2}.Dev|x86.ActiveCfg = Release|Win32
		{FB1D7699-F383-48EB-B13A-C7DE1CC86BE2}.Dev|x86.Build.0 = Release|Win32
		{FB1D7699-F383-48EB-B13A-C7DE1CC86BE2}.Production|x64.ActiveCfg = Production|x64
		{FB1D7699-F383-48EB-B13A-C7DE1CC86BE2}.Production|x64.Build.0 = Production|x64
		{FB1D7699-F383-48EB-B13A-C7DE1CC86BE2}.Production|x86.ActiveCfg = Production|Win32
		{FB1D7699-F383-48EB-B13A-C7DE1CC86BE2}.Production|x86.Build.0 = Production|Win32
		{FB1D7699-F383-48EB-B13A-C7DE1CC86BE2}.Release|x64.ActiveCfg = Release|x64
		{FB1D7699-F383-48EB-B13A-C7DE1CC86BE2}.Release|x64.Build.0 = Release|x64
		{FB1D7699-F383-48EB-B13A-C7DE1CC86BE2}.Release|x86.ActiveCfg = Release|Win32
		{FB1D7699-F383-48EB-B13A-C7DE1CC86BE2}.Release|x86.Build.0 = Release|Win32
		{31C59DD1-646A-49B5-A7D3-BB91362970BA}.Debug|x64.ActiveCfg = Debug|x64
		{31C59DD1-646A-49B5-A7D3-BB91362970BA}.Debug|x64.Build.0 = Debug|x64
		{31C59DD1-646A-49B5-A7D3-BB91362970BA}.Debug|x86.ActiveCfg = Debug|Win32
		{31C59DD1-646A-49B5-A7D3-BB91362970BA}.Debug|x86.Build.0 = Debug|Win32
		{31C59DD1-646A-49B5-A7D3-BB91362970BA}.Dev|x64.ActiveCfg = Release|x64
		{31C59DD1-646A-49B5-A7D3-BB91362970BA}.Dev|x64.Build.0 = Release|x64
		{31C59DD1-646A-49B5-A7D3-BB91362970BA}.Dev|x86.ActiveCfg = Release|Win32
		{31C59DD1-646A-49B5-A7D3-BB91362970BA}.Dev|x86.Build.0 = Release|Win32
		{31C59DD1-646A-49B5-A7D3-BB91362970BA}.Production|x64.ActiveCfg = Production|x64
		{31C59DD1-646A-49B5-A7D3-BB91362970BA}.Production|x64.Build.0 = Production|x64
		{31C59DD1-646A-49B5-A7D3-BB91362970BA}.Production|x86.ActiveCfg = Production|Win32
		{31C59DD1-646A-49B5-A7D3-BB91362970BA}.Production|x86.Build.0 = Production|Win32
		{31C59DD1-646A-49B5-A7D3-BB91362970BA}.Release|x64.ActiveCfg = Release|x64
		{31C59DD1-646A-49B5-A7D3-BB91362970BA}.Release|x64.Build.0 = Release|x64
		{31C59DD1-646A-49B5-A7D3-BB91362970BA}.Release|x86.ActiveCfg = Release|Win32
		{31C59DD1-646A-49B5-A7D3-BB91362970BA}.Release|x86.Build.0 = Release|Win32
		{82509237-C419-4A56-A012-73D98FB5BA1F}.Debug|x64.ActiveCfg = Debug|x64
		{82509237-C419-4A56-A012-73D98FB5BA1F}.Debug|x64.Build.0 = Debug|x64
		{82509237-C419-4A56-A012-73D98FB5BA1F}.Debug|x86.ActiveCfg = Debug|Win32
		{82509237-C419-4A56-A012-73D98FB5BA1F}.Debug|x86.Build.0 = Debug|Win32
		{82509237-C419-4A56-A012-73D98FB5BA1F}.Dev|x64.ActiveCfg = Debug|x64
		{82509237-C419-4A56-A012-73D98FB5BA1F}.Dev|x64.Build.0 = Debug|x64
		{82509237-C419-4A56-A012-73D98FB5BA1F}.Dev|x86.ActiveCfg = Debug|Win32
		{82509237-C419-4A56-A012-73D98FB5BA1F}.Dev|x86.Build.0 = Debug|Win32
		{82509237-C419-4A56-A012-73D98FB5BA1F}.Production|x64.ActiveCfg = Release|x64
		{82509237-C419-4A56-A012-73D98FB5BA1F}.Production|x64.Build.0 = Release|x64
		{82509237-C419-4A56-A012-73D98FB5BA1F}.Production|x86.ActiveCfg = Release|Win32
		{82509237-C419-4A56-A012-73D98FB5BA1F}.Production|x86.Build.0 = Release|Win32
		{82509237-C419-4A56-A012-73D98FB5BA1F}.Release|x64.ActiveCfg = Release|x64
		{82509237-C419-4A56-A012-73D98FB5BA1F}.Release|x64.Build.0 = Release|x64
		{82509237-C419-4A56-A012-73D98FB5BA1F}.Release|x86.ActiveCfg = Release|Win32
		{82509237-C419-4A56-A012-73D98FB5BA1F}.Release|x86.Build.0 = Release|Win32
		{FCF33C24-824A-49D0-A245-B318808F48BE}.Debug|x64.ActiveCfg = Debug|x64
		{FCF33C24-824A-49D0-A245-B318808F48BE}.Debug|x64.Build.0 = Debug|x64
		{FCF33C24-824A-49D0-A245-B318808F48BE}.Debug|x86.ActiveCfg = Debug|Win32
		{FCF33C24-824A-49D0-A245-B318808F48BE}.Debug|x86.Build.0 = Debug|Win32
		{FCF33C24-824A-49D0-A245-B318808F48BE}.Dev|x64.ActiveCfg = Debug|x64
		{FCF33C24-824A-49D0-A245-B318808F48BE}.Dev|x64.Build.0 = Debug|x64
		{FCF33C24-824A-49D0-A245-B318808F48BE}.Dev|x86.ActiveCfg = Release|Win32
		{FCF33C24-824A-49D0-A245-B318808F48BE}.Dev|x86.Build.0 = Release|Win32
		{FCF33C24-824A-49D0-A245-B318808F48BE}.Production|x64.ActiveCfg = Release|x64
		{FCF33C24-824A-49D0-A245-B318808F48BE}.Production|x64.Build.0 = Release|x64
		{FCF33C24-824A-49D0-A245-B318808F48BE}.Production|x86.ActiveCfg = Release|Win32
		{FCF33C24-824A-49D0-A245-B318808F48BE}.Production|x86.Build.0 = Release|Win32
		{FCF33C24-824A-49D0-A245-B318808F48BE}.Release|x64.ActiveCfg = Release|x64
		{FCF33C24-824A-49D0-A245-B318808F48BE}.Release|x64.Build.0 = Release|x64
		{FCF33C24-824A-49D0-A245-B318808F48BE}.Release|x86.ActiveCfg = Release|Win32
		{FCF33C24-824A-49D0-A245-B318808F48BE}.Release|x86.Build.0 = Release|Win32
	EndGlobalSection
	GlobalSection(SolutionProperties) = preSolution
		HideSolutionNode = FALSE
	EndGlobalSection
	GlobalSection(ExtensibilityGlobals) = postSolution
		SolutionGuid = {7BF13DC5-F640-4B4E-8FA0-498C3E827214}
	EndGlobalSection
EndGlobal
